
Microsoft Visual Studio Solution File, Format Version 12.00
# Visual Studio 15
VisualStudioVersion = 15.0.28307.572
MinimumVisualStudioVersion = 10.0.40219.1
Project("{FAE04EC0-301F-11D3-BF4B-00C04F79EFBC}") = "32_Ngtingwei_PA9", "32_Ngtingwei_PA9\32_Ngtingwei_PA9.csproj", "{2483A1DC-F6E3-4F64-AC5A-7D036E4372DC}"
EndProject
Global
	GlobalSection(SolutionConfigurationPlatforms) = preSolution
		Debug|Any CPU = Debug|Any CPU
		Release|Any CPU = Release|Any CPU
	EndGlobalSection
	GlobalSection(ProjectConfigurationPlatforms) = postSolution
		{2483A1DC-F6E3-4F64-AC5A-7D036E4372DC}.Debug|Any CPU.ActiveCfg = Debug|Any CPU
		{2483A1DC-F6E3-4F64-AC5A-7D036E4372DC}.Debug|Any CPU.Build.0 = Debug|Any CPU
		{2483A1DC-F6E3-4F64-AC5A-7D036E4372DC}.Release|Any CPU.ActiveCfg = Release|Any CPU
		{2483A1DC-F6E3-4F64-AC5A-7D036E4372DC}.Release|Any CPU.Build.0 = Release|Any CPU
	EndGlobalSection
	GlobalSection(SolutionProperties) = preSolution
		HideSolutionNode = FALSE
	EndGlobalSection
	GlobalSection(ExtensibilityGlobals) = postSolution
		SolutionGuid = {AAEBCDAC-B244-4C5E-8F6B-BCA513A5429E}
	EndGlobalSection
EndGlobal
